// !$*UTF8*$!
{
	archiveVersion = 1;
	classes = {
	};
	objectVersion = 50;
	objects = {

/* Begin PBXBuildFile section */
		C4FAB17E26B6F09C006B3878 /* ConnectivityWithSwiftUIApp.swift in Sources */ = {isa = PBXBuildFile; fileRef = C4FAB17D26B6F09C006B3878 /* ConnectivityWithSwiftUIApp.swift */; };
		C4FAB18026B6F09C006B3878 /* ContentView.swift in Sources */ = {isa = PBXBuildFile; fileRef = C4FAB17F26B6F09C006B3878 /* ContentView.swift */; };
		C4FAB18226B6F09E006B3878 /* Assets.xcassets in Resources */ = {isa = PBXBuildFile; fileRef = C4FAB18126B6F09E006B3878 /* Assets.xcassets */; };
		C4FAB18526B6F09E006B3878 /* Preview Assets.xcassets in Resources */ = {isa = PBXBuildFile; fileRef = C4FAB18426B6F09E006B3878 /* Preview Assets.xcassets */; };
		C4FAB18A26B6F09E006B3878 /* ConnectivityWithSwiftUI WatchKit App.app in Embed Watch Content */ = {isa = PBXBuildFile; fileRef = C4FAB18926B6F09E006B3878 /* ConnectivityWithSwiftUI WatchKit App.app */; settings = {ATTRIBUTES = (RemoveHeadersOnCopy, ); }; };
		C4FAB18F26B6F09E006B3878 /* Assets.xcassets in Resources */ = {isa = PBXBuildFile; fileRef = C4FAB18E26B6F09E006B3878 /* Assets.xcassets */; };
		C4FAB19626B6F09E006B3878 /* ConnectivityWithSwiftUI WatchKit Extension.appex in Embed App Extensions */ = {isa = PBXBuildFile; fileRef = C4FAB19526B6F09E006B3878 /* ConnectivityWithSwiftUI WatchKit Extension.appex */; settings = {ATTRIBUTES = (RemoveHeadersOnCopy, ); }; };
		C4FAB19B26B6F09E006B3878 /* ConnectivityWithSwiftUIApp.swift in Sources */ = {isa = PBXBuildFile; fileRef = C4FAB19A26B6F09E006B3878 /* ConnectivityWithSwiftUIApp.swift */; };
		C4FAB19D26B6F09E006B3878 /* ContentView.swift in Sources */ = {isa = PBXBuildFile; fileRef = C4FAB19C26B6F09E006B3878 /* ContentView.swift */; };
		C4FAB19F26B6F09E006B3878 /* NotificationController.swift in Sources */ = {isa = PBXBuildFile; fileRef = C4FAB19E26B6F09E006B3878 /* NotificationController.swift */; };
		C4FAB1A126B6F09F006B3878 /* NotificationView.swift in Sources */ = {isa = PBXBuildFile; fileRef = C4FAB1A026B6F09F006B3878 /* NotificationView.swift */; };
		C4FAB1A326B6F09F006B3878 /* ComplicationController.swift in Sources */ = {isa = PBXBuildFile; fileRef = C4FAB1A226B6F09F006B3878 /* ComplicationController.swift */; };
		C4FAB1A526B6F09F006B3878 /* Assets.xcassets in Resources */ = {isa = PBXBuildFile; fileRef = C4FAB1A426B6F09F006B3878 /* Assets.xcassets */; };
		C4FAB1A826B6F09F006B3878 /* Preview Assets.xcassets in Resources */ = {isa = PBXBuildFile; fileRef = C4FAB1A726B6F09F006B3878 /* Preview Assets.xcassets */; };
		C4FAB1B926B6F111006B3878 /* ViewModelIphone.swift in Sources */ = {isa = PBXBuildFile; fileRef = C4FAB1B826B6F111006B3878 /* ViewModelIphone.swift */; };
		C4FAB1BB26B6F2A1006B3878 /* ViewModelWatch.swift in Sources */ = {isa = PBXBuildFile; fileRef = C4FAB1BA26B6F2A1006B3878 /* ViewModelWatch.swift */; };
/* End PBXBuildFile section */

/* Begin PBXContainerItemProxy section */
		C4FAB18B26B6F09E006B3878 /* PBXContainerItemProxy */ = {
			isa = PBXContainerItemProxy;
			containerPortal = C4FAB17226B6F09C006B3878 /* Project object */;
			proxyType = 1;
			remoteGlobalIDString = C4FAB18826B6F09E006B3878;
			remoteInfo = "ConnectivityWithSwiftUI WatchKit App";
		};
		C4FAB19726B6F09E006B3878 /* PBXContainerItemProxy */ = {
			isa = PBXContainerItemProxy;
			containerPortal = C4FAB17226B6F09C006B3878 /* Project object */;
			proxyType = 1;
			remoteGlobalIDString = C4FAB19426B6F09E006B3878;
			remoteInfo = "ConnectivityWithSwiftUI WatchKit Extension";
		};
/* End PBXContainerItemProxy section */

/* Begin PBXCopyFilesBuildPhase section */
		C4FAB1B026B6F09F006B3878 /* Embed App Extensions */ = {
			isa = PBXCopyFilesBuildPhase;
			buildActionMask = 2147483647;
			dstPath = "";
			dstSubfolderSpec = 13;
			files = (
				C4FAB19626B6F09E006B3878 /* ConnectivityWithSwiftUI WatchKit Extension.appex in Embed App Extensions */,
			);
			name = "Embed App Extensions";
			runOnlyForDeploymentPostprocessing = 0;
		};
		C4FAB1B426B6F09F006B3878 /* Embed Watch Content */ = {
			isa = PBXCopyFilesBuildPhase;
			buildActionMask = 2147483647;
			dstPath = "$(CONTENTS_FOLDER_PATH)/Watch";
			dstSubfolderSpec = 16;
			files = (
				C4FAB18A26B6F09E006B3878 /* ConnectivityWithSwiftUI WatchKit App.app in Embed Watch Content */,
			);
			name = "Embed Watch Content";
			runOnlyForDeploymentPostprocessing = 0;
		};
/* End PBXCopyFilesBuildPhase section */

/* Begin PBXFileReference section */
		C4FAB17A26B6F09C006B3878 /* ConnectivityWithSwiftUI.app */ = {isa = PBXFileReference; explicitFileType = wrapper.application; includeInIndex = 0; path = ConnectivityWithSwiftUI.app; sourceTree = BUILT_PRODUCTS_DIR; };
		C4FAB17D26B6F09C006B3878 /* ConnectivityWithSwiftUIApp.swift */ = {isa = PBXFileReference; lastKnownFileType = sourcecode.swift; path = ConnectivityWithSwiftUIApp.swift; sourceTree = "<group>"; };
		C4FAB17F26B6F09C006B3878 /* ContentView.swift */ = {isa = PBXFileReference; lastKnownFileType = sourcecode.swift; path = ContentView.swift; sourceTree = "<group>"; };
		C4FAB18126B6F09E006B3878 /* Assets.xcassets */ = {isa = PBXFileReference; lastKnownFileType = folder.assetcatalog; path = Assets.xcassets; sourceTree = "<group>"; };
		C4FAB18426B6F09E006B3878 /* Preview Assets.xcassets */ = {isa = PBXFileReference; lastKnownFileType = folder.assetcatalog; path = "Preview Assets.xcassets"; sourceTree = "<group>"; };
		C4FAB18626B6F09E006B3878 /* Info.plist */ = {isa = PBXFileReference; lastKnownFileType = text.plist.xml; path = Info.plist; sourceTree = "<group>"; };
		C4FAB18926B6F09E006B3878 /* ConnectivityWithSwiftUI WatchKit App.app */ = {isa = PBXFileReference; explicitFileType = wrapper.application; includeInIndex = 0; path = "ConnectivityWithSwiftUI WatchKit App.app"; sourceTree = BUILT_PRODUCTS_DIR; };
		C4FAB18E26B6F09E006B3878 /* Assets.xcassets */ = {isa = PBXFileReference; lastKnownFileType = folder.assetcatalog; path = Assets.xcassets; sourceTree = "<group>"; };
		C4FAB19026B6F09E006B3878 /* Info.plist */ = {isa = PBXFileReference; lastKnownFileType = text.plist.xml; path = Info.plist; sourceTree = "<group>"; };
		C4FAB19526B6F09E006B3878 /* ConnectivityWithSwiftUI WatchKit Extension.appex */ = {isa = PBXFileReference; explicitFileType = "wrapper.app-extension"; includeInIndex = 0; path = "ConnectivityWithSwiftUI WatchKit Extension.appex"; sourceTree = BUILT_PRODUCTS_DIR; };
		C4FAB19A26B6F09E006B3878 /* ConnectivityWithSwiftUIApp.swift */ = {isa = PBXFileReference; lastKnownFileType = sourcecode.swift; path = ConnectivityWithSwiftUIApp.swift; sourceTree = "<group>"; };
		C4FAB19C26B6F09E006B3878 /* ContentView.swift */ = {isa = PBXFileReference; lastKnownFileType = sourcecode.swift; path = ContentView.swift; sourceTree = "<group>"; };
		C4FAB19E26B6F09E006B3878 /* NotificationController.swift */ = {isa = PBXFileReference; lastKnownFileType = sourcecode.swift; path = NotificationController.swift; sourceTree = "<group>"; };
		C4FAB1A026B6F09F006B3878 /* NotificationView.swift */ = {isa = PBXFileReference; lastKnownFileType = sourcecode.swift; path = NotificationView.swift; sourceTree = "<group>"; };
		C4FAB1A226B6F09F006B3878 /* ComplicationController.swift */ = {isa = PBXFileReference; lastKnownFileType = sourcecode.swift; path = ComplicationController.swift; sourceTree = "<group>"; };
		C4FAB1A426B6F09F006B3878 /* Assets.xcassets */ = {isa = PBXFileReference; lastKnownFileType = folder.assetcatalog; path = Assets.xcassets; sourceTree = "<group>"; };
		C4FAB1A726B6F09F006B3878 /* Preview Assets.xcassets */ = {isa = PBXFileReference; lastKnownFileType = folder.assetcatalog; path = "Preview Assets.xcassets"; sourceTree = "<group>"; };
		C4FAB1A926B6F09F006B3878 /* Info.plist */ = {isa = PBXFileReference; lastKnownFileType = text.plist.xml; path = Info.plist; sourceTree = "<group>"; };
		C4FAB1AA26B6F09F006B3878 /* PushNotificationPayload.apns */ = {isa = PBXFileReference; lastKnownFileType = text; path = PushNotificationPayload.apns; sourceTree = "<group>"; };
		C4FAB1B826B6F111006B3878 /* ViewModelIphone.swift */ = {isa = PBXFileReference; lastKnownFileType = sourcecode.swift; path = ViewModelIphone.swift; sourceTree = "<group>"; };
		C4FAB1BA26B6F2A1006B3878 /* ViewModelWatch.swift */ = {isa = PBXFileReference; lastKnownFileType = sourcecode.swift; path = ViewModelWatch.swift; sourceTree = "<group>"; };
/* End PBXFileReference section */

/* Begin PBXFrameworksBuildPhase section */
		C4FAB17726B6F09C006B3878 /* Frameworks */ = {
			isa = PBXFrameworksBuildPhase;
			buildActionMask = 2147483647;
			files = (
			);
			runOnlyForDeploymentPostprocessing = 0;
		};
		C4FAB19226B6F09E006B3878 /* Frameworks */ = {
			isa = PBXFrameworksBuildPhase;
			buildActionMask = 2147483647;
			files = (
			);
			runOnlyForDeploymentPostprocessing = 0;
		};
/* End PBXFrameworksBuildPhase section */

/* Begin PBXGroup section */
		C4FAB17126B6F09C006B3878 = {
			isa = PBXGroup;
			children = (
				C4FAB17C26B6F09C006B3878 /* ConnectivityWithSwiftUI */,
				C4FAB18D26B6F09E006B3878 /* ConnectivityWithSwiftUI WatchKit App */,
				C4FAB19926B6F09E006B3878 /* ConnectivityWithSwiftUI WatchKit Extension */,
				C4FAB17B26B6F09C006B3878 /* Products */,
			);
			sourceTree = "<group>";
		};
		C4FAB17B26B6F09C006B3878 /* Products */ = {
			isa = PBXGroup;
			children = (
				C4FAB17A26B6F09C006B3878 /* ConnectivityWithSwiftUI.app */,
				C4FAB18926B6F09E006B3878 /* ConnectivityWithSwiftUI WatchKit App.app */,
				C4FAB19526B6F09E006B3878 /* ConnectivityWithSwiftUI WatchKit Extension.appex */,
			);
			name = Products;
			sourceTree = "<group>";
		};
		C4FAB17C26B6F09C006B3878 /* ConnectivityWithSwiftUI */ = {
			isa = PBXGroup;
			children = (
				C4FAB17D26B6F09C006B3878 /* ConnectivityWithSwiftUIApp.swift */,
				C4FAB1B826B6F111006B3878 /* ViewModelIphone.swift */,
				C4FAB17F26B6F09C006B3878 /* ContentView.swift */,
				C4FAB18126B6F09E006B3878 /* Assets.xcassets */,
				C4FAB18626B6F09E006B3878 /* Info.plist */,
				C4FAB18326B6F09E006B3878 /* Preview Content */,
			);
			path = ConnectivityWithSwiftUI;
			sourceTree = "<group>";
		};
		C4FAB18326B6F09E006B3878 /* Preview Content */ = {
			isa = PBXGroup;
			children = (
				C4FAB18426B6F09E006B3878 /* Preview Assets.xcassets */,
			);
			path = "Preview Content";
			sourceTree = "<group>";
		};
		C4FAB18D26B6F09E006B3878 /* ConnectivityWithSwiftUI WatchKit App */ = {
			isa = PBXGroup;
			children = (
				C4FAB18E26B6F09E006B3878 /* Assets.xcassets */,
				C4FAB19026B6F09E006B3878 /* Info.plist */,
			);
			path = "ConnectivityWithSwiftUI WatchKit App";
			sourceTree = "<group>";
		};
		C4FAB19926B6F09E006B3878 /* ConnectivityWithSwiftUI WatchKit Extension */ = {
			isa = PBXGroup;
			children = (
				C4FAB1BA26B6F2A1006B3878 /* ViewModelWatch.swift */,
				C4FAB19A26B6F09E006B3878 /* ConnectivityWithSwiftUIApp.swift */,
				C4FAB19C26B6F09E006B3878 /* ContentView.swift */,
				C4FAB19E26B6F09E006B3878 /* NotificationController.swift */,
				C4FAB1A026B6F09F006B3878 /* NotificationView.swift */,
				C4FAB1A226B6F09F006B3878 /* ComplicationController.swift */,
				C4FAB1A426B6F09F006B3878 /* Assets.xcassets */,
				C4FAB1A926B6F09F006B3878 /* Info.plist */,
				C4FAB1AA26B6F09F006B3878 /* PushNotificationPayload.apns */,
				C4FAB1A626B6F09F006B3878 /* Preview Content */,
			);
			path = "ConnectivityWithSwiftUI WatchKit Extension";
			sourceTree = "<group>";
		};
		C4FAB1A626B6F09F006B3878 /* Preview Content */ = {
			isa = PBXGroup;
			children = (
				C4FAB1A726B6F09F006B3878 /* Preview Assets.xcassets */,
			);
			path = "Preview Content";
			sourceTree = "<group>";
		};
/* End PBXGroup section */

/* Begin PBXNativeTarget section */
		C4FAB17926B6F09C006B3878 /* ConnectivityWithSwiftUI */ = {
			isa = PBXNativeTarget;
			buildConfigurationList = C4FAB1B526B6F09F006B3878 /* Build configuration list for PBXNativeTarget "ConnectivityWithSwiftUI" */;
			buildPhases = (
				C4FAB17626B6F09C006B3878 /* Sources */,
				C4FAB17726B6F09C006B3878 /* Frameworks */,
				C4FAB17826B6F09C006B3878 /* Resources */,
				C4FAB1B426B6F09F006B3878 /* Embed Watch Content */,
			);
			buildRules = (
			);
			dependencies = (
				C4FAB18C26B6F09E006B3878 /* PBXTargetDependency */,
			);
			name = ConnectivityWithSwiftUI;
			productName = ConnectivityWithSwiftUI;
			productReference = C4FAB17A26B6F09C006B3878 /* ConnectivityWithSwiftUI.app */;
			productType = "com.apple.product-type.application";
		};
		C4FAB18826B6F09E006B3878 /* ConnectivityWithSwiftUI WatchKit App */ = {
			isa = PBXNativeTarget;
			buildConfigurationList = C4FAB1B126B6F09F006B3878 /* Build configuration list for PBXNativeTarget "ConnectivityWithSwiftUI WatchKit App" */;
			buildPhases = (
				C4FAB18726B6F09E006B3878 /* Resources */,
				C4FAB1B026B6F09F006B3878 /* Embed App Extensions */,
			);
			buildRules = (
			);
			dependencies = (
				C4FAB19826B6F09E006B3878 /* PBXTargetDependency */,
			);
			name = "ConnectivityWithSwiftUI WatchKit App";
			productName = "ConnectivityWithSwiftUI WatchKit App";
			productReference = C4FAB18926B6F09E006B3878 /* ConnectivityWithSwiftUI WatchKit App.app */;
			productType = "com.apple.product-type.application.watchapp2";
		};
		C4FAB19426B6F09E006B3878 /* ConnectivityWithSwiftUI WatchKit Extension */ = {
			isa = PBXNativeTarget;
			buildConfigurationList = C4FAB1AD26B6F09F006B3878 /* Build configuration list for PBXNativeTarget "ConnectivityWithSwiftUI WatchKit Extension" */;
			buildPhases = (
				C4FAB19126B6F09E006B3878 /* Sources */,
				C4FAB19226B6F09E006B3878 /* Frameworks */,
				C4FAB19326B6F09E006B3878 /* Resources */,
			);
			buildRules = (
			);
			dependencies = (
			);
			name = "ConnectivityWithSwiftUI WatchKit Extension";
			productName = "ConnectivityWithSwiftUI WatchKit Extension";
			productReference = C4FAB19526B6F09E006B3878 /* ConnectivityWithSwiftUI WatchKit Extension.appex */;
			productType = "com.apple.product-type.watchkit2-extension";
		};
/* End PBXNativeTarget section */

/* Begin PBXProject section */
		C4FAB17226B6F09C006B3878 /* Project object */ = {
			isa = PBXProject;
			attributes = {
				LastSwiftUpdateCheck = 1250;
				LastUpgradeCheck = 1250;
				TargetAttributes = {
					C4FAB17926B6F09C006B3878 = {
						CreatedOnToolsVersion = 12.5.1;
					};
					C4FAB18826B6F09E006B3878 = {
						CreatedOnToolsVersion = 12.5.1;
					};
					C4FAB19426B6F09E006B3878 = {
						CreatedOnToolsVersion = 12.5.1;
					};
				};
			};
			buildConfigurationList = C4FAB17526B6F09C006B3878 /* Build configuration list for PBXProject "ConnectivityWithSwiftUI" */;
			compatibilityVersion = "Xcode 9.3";
			developmentRegion = en;
			hasScannedForEncodings = 0;
			knownRegions = (
				en,
				Base,
			);
			mainGroup = C4FAB17126B6F09C006B3878;
			productRefGroup = C4FAB17B26B6F09C006B3878 /* Products */;
			projectDirPath = "";
			projectRoot = "";
			targets = (
				C4FAB17926B6F09C006B3878 /* ConnectivityWithSwiftUI */,
				C4FAB18826B6F09E006B3878 /* ConnectivityWithSwiftUI WatchKit App */,
				C4FAB19426B6F09E006B3878 /* ConnectivityWithSwiftUI WatchKit Extension */,
			);
		};
/* End PBXProject section */

/* Begin PBXResourcesBuildPhase section */
		C4FAB17826B6F09C006B3878 /* Resources */ = {
			isa = PBXResourcesBuildPhase;
			buildActionMask = 2147483647;
			files = (
				C4FAB18526B6F09E006B3878 /* Preview Assets.xcassets in Resources */,
				C4FAB18226B6F09E006B3878 /* Assets.xcassets in Resources */,
			);
			runOnlyForDeploymentPostprocessing = 0;
		};
		C4FAB18726B6F09E006B3878 /* Resources */ = {
			isa = PBXResourcesBuildPhase;
			buildActionMask = 2147483647;
			files = (
				C4FAB18F26B6F09E006B3878 /* Assets.xcassets in Resources */,
			);
			runOnlyForDeploymentPostprocessing = 0;
		};
		C4FAB19326B6F09E006B3878 /* Resources */ = {
			isa = PBXResourcesBuildPhase;
			buildActionMask = 2147483647;
			files = (
				C4FAB1A826B6F09F006B3878 /* Preview Assets.xcassets in Resources */,
				C4FAB1A526B6F09F006B3878 /* Assets.xcassets in Resources */,
			);
			runOnlyForDeploymentPostprocessing = 0;
		};
/* End PBXResourcesBuildPhase section */

/* Begin PBXSourcesBuildPhase section */
		C4FAB17626B6F09C006B3878 /* Sources */ = {
			isa = PBXSourcesBuildPhase;
			buildActionMask = 2147483647;
			files = (
				C4FAB18026B6F09C006B3878 /* ContentView.swift in Sources */,
				C4FAB17E26B6F09C006B3878 /* ConnectivityWithSwiftUIApp.swift in Sources */,
				C4FAB1B926B6F111006B3878 /* ViewModelIphone.swift in Sources */,
			);
			runOnlyForDeploymentPostprocessing = 0;
		};
		C4FAB19126B6F09E006B3878 /* Sources */ = {
			isa = PBXSourcesBuildPhase;
			buildActionMask = 2147483647;
			files = (
				C4FAB19F26B6F09E006B3878 /* NotificationController.swift in Sources */,
				C4FAB19D26B6F09E006B3878 /* ContentView.swift in Sources */,
				C4FAB1A326B6F09F006B3878 /* ComplicationController.swift in Sources */,
				C4FAB19B26B6F09E006B3878 /* ConnectivityWithSwiftUIApp.swift in Sources */,
				C4FAB1BB26B6F2A1006B3878 /* ViewModelWatch.swift in Sources */,
				C4FAB1A126B6F09F006B3878 /* NotificationView.swift in Sources */,
			);
			runOnlyForDeploymentPostprocessing = 0;
		};
/* End PBXSourcesBuildPhase section */

/* Begin PBXTargetDependency section */
		C4FAB18C26B6F09E006B3878 /* PBXTargetDependency */ = {
			isa = PBXTargetDependency;
			target = C4FAB18826B6F09E006B3878 /* ConnectivityWithSwiftUI WatchKit App */;
			targetProxy = C4FAB18B26B6F09E006B3878 /* PBXContainerItemProxy */;
		};
		C4FAB19826B6F09E006B3878 /* PBXTargetDependency */ = {
			isa = PBXTargetDependency;
			target = C4FAB19426B6F09E006B3878 /* ConnectivityWithSwiftUI WatchKit Extension */;
			targetProxy = C4FAB19726B6F09E006B3878 /* PBXContainerItemProxy */;
		};
/* End PBXTargetDependency section */

/* Begin XCBuildConfiguration section */
		C4FAB1AB26B6F09F006B3878 /* Debug */ = {
			isa = XCBuildConfiguration;
			buildSettings = {
				ALWAYS_SEARCH_USER_PATHS = NO;
				CLANG_ANALYZER_NONNULL = YES;
				CLANG_ANALYZER_NUMBER_OBJECT_CONVERSION = YES_AGGRESSIVE;
				CLANG_CXX_LANGUAGE_STANDARD = "gnu++14";
				CLANG_CXX_LIBRARY = "libc++";
				CLANG_ENABLE_MODULES = YES;
				CLANG_ENABLE_OBJC_ARC = YES;
				CLANG_ENABLE_OBJC_WEAK = YES;
				CLANG_WARN_BLOCK_CAPTURE_AUTORELEASING = YES;
				CLANG_WARN_BOOL_CONVERSION = YES;
				CLANG_WARN_COMMA = YES;
				CLANG_WARN_CONSTANT_CONVERSION = YES;
				CLANG_WARN_DEPRECATED_OBJC_IMPLEMENTATIONS = YES;
				CLANG_WARN_DIRECT_OBJC_ISA_USAGE = YES_ERROR;
				CLANG_WARN_DOCUMENTATION_COMMENTS = YES;
				CLANG_WARN_EMPTY_BODY = YES;
				CLANG_WARN_ENUM_CONVERSION = YES;
				CLANG_WARN_INFINITE_RECURSION = YES;
				CLANG_WARN_INT_CONVERSION = YES;
				CLANG_WARN_NON_LITERAL_NULL_CONVERSION = YES;
				CLANG_WARN_OBJC_IMPLICIT_RETAIN_SELF = YES;
				CLANG_WARN_OBJC_LITERAL_CONVERSION = YES;
				CLANG_WARN_OBJC_ROOT_CLASS = YES_ERROR;
				CLANG_WARN_QUOTED_INCLUDE_IN_FRAMEWORK_HEADER = YES;
				CLANG_WARN_RANGE_LOOP_ANALYSIS = YES;
				CLANG_WARN_STRICT_PROTOTYPES = YES;
				CLANG_WARN_SUSPICIOUS_MOVE = YES;
				CLANG_WARN_UNGUARDED_AVAILABILITY = YES_AGGRESSIVE;
				CLANG_WARN_UNREACHABLE_CODE = YES;
				CLANG_WARN__DUPLICATE_METHOD_MATCH = YES;
				COPY_PHASE_STRIP = NO;
				DEBUG_INFORMATION_FORMAT = dwarf;
				ENABLE_STRICT_OBJC_MSGSEND = YES;
				ENABLE_TESTABILITY = YES;
				GCC_C_LANGUAGE_STANDARD = gnu11;
				GCC_DYNAMIC_NO_PIC = NO;
				GCC_NO_COMMON_BLOCKS = YES;
				GCC_OPTIMIZATION_LEVEL = 0;
				GCC_PREPROCESSOR_DEFINITIONS = (
					"DEBUG=1",
					"$(inherited)",
				);
				GCC_WARN_64_TO_32_BIT_CONVERSION = YES;
				GCC_WARN_ABOUT_RETURN_TYPE = YES_ERROR;
				GCC_WARN_UNDECLARED_SELECTOR = YES;
				GCC_WARN_UNINITIALIZED_AUTOS = YES_AGGRESSIVE;
				GCC_WARN_UNUSED_FUNCTION = YES;
				GCC_WARN_UNUSED_VARIABLE = YES;
				MTL_ENABLE_DEBUG_INFO = INCLUDE_SOURCE;
				MTL_FAST_MATH = YES;
				ONLY_ACTIVE_ARCH = YES;
				SWIFT_ACTIVE_COMPILATION_CONDITIONS = DEBUG;
				SWIFT_OPTIMIZATION_LEVEL = "-Onone";
			};
			name = Debug;
		};
		C4FAB1AC26B6F09F006B3878 /* Release */ = {
			isa = XCBuildConfiguration;
			buildSettings = {
				ALWAYS_SEARCH_USER_PATHS = NO;
				CLANG_ANALYZER_NONNULL = YES;
				CLANG_ANALYZER_NUMBER_OBJECT_CONVERSION = YES_AGGRESSIVE;
				CLANG_CXX_LANGUAGE_STANDARD = "gnu++14";
				CLANG_CXX_LIBRARY = "libc++";
				CLANG_ENABLE_MODULES = YES;
				CLANG_ENABLE_OBJC_ARC = YES;
				CLANG_ENABLE_OBJC_WEAK = YES;
				CLANG_WARN_BLOCK_CAPTURE_AUTORELEASING = YES;
				CLANG_WARN_BOOL_CONVERSION = YES;
				CLANG_WARN_COMMA = YES;
				CLANG_WARN_CONSTANT_CONVERSION = YES;
				CLANG_WARN_DEPRECATED_OBJC_IMPLEMENTATIONS = YES;
				CLANG_WARN_DIRECT_OBJC_ISA_USAGE = YES_ERROR;
				CLANG_WARN_DOCUMENTATION_COMMENTS = YES;
				CLANG_WARN_EMPTY_BODY = YES;
				CLANG_WARN_ENUM_CONVERSION = YES;
				CLANG_WARN_INFINITE_RECURSION = YES;
				CLANG_WARN_INT_CONVERSION = YES;
				CLANG_WARN_NON_LITERAL_NULL_CONVERSION = YES;
				CLANG_WARN_OBJC_IMPLICIT_RETAIN_SELF = YES;
				CLANG_WARN_OBJC_LITERAL_CONVERSION = YES;
				CLANG_WARN_OBJC_ROOT_CLASS = YES_ERROR;
				CLANG_WARN_QUOTED_INCLUDE_IN_FRAMEWORK_HEADER = YES;
				CLANG_WARN_RANGE_LOOP_ANALYSIS = YES;
				CLANG_WARN_STRICT_PROTOTYPES = YES;
				CLANG_WARN_SUSPICIOUS_MOVE = YES;
				CLANG_WARN_UNGUARDED_AVAILABILITY = YES_AGGRESSIVE;
				CLANG_WARN_UNREACHABLE_CODE = YES;
				CLANG_WARN__DUPLICATE_METHOD_MATCH = YES;
				COPY_PHASE_STRIP = NO;
				DEBUG_INFORMATION_FORMAT = "dwarf-with-dsym";
				ENABLE_NS_ASSERTIONS = NO;
				ENABLE_STRICT_OBJC_MSGSEND = YES;
				GCC_C_LANGUAGE_STANDARD = gnu11;
				GCC_NO_COMMON_BLOCKS = YES;
				GCC_WARN_64_TO_32_BIT_CONVERSION = YES;
				GCC_WARN_ABOUT_RETURN_TYPE = YES_ERROR;
				GCC_WARN_UNDECLARED_SELECTOR = YES;
				GCC_WARN_UNINITIALIZED_AUTOS = YES_AGGRESSIVE;
				GCC_WARN_UNUSED_FUNCTION = YES;
				GCC_WARN_UNUSED_VARIABLE = YES;
				MTL_ENABLE_DEBUG_INFO = NO;
				MTL_FAST_MATH = YES;
				SWIFT_COMPILATION_MODE = wholemodule;
				SWIFT_OPTIMIZATION_LEVEL = "-O";
			};
			name = Release;
		};
		C4FAB1AE26B6F09F006B3878 /* Debug */ = {
			isa = XCBuildConfiguration;
			buildSettings = {
				ASSETCATALOG_COMPILER_COMPLICATION_NAME = Complication;
				CODE_SIGN_STYLE = Automatic;
				DEVELOPMENT_ASSET_PATHS = "\"ConnectivityWithSwiftUI WatchKit Extension/Preview Content\"";
				DEVELOPMENT_TEAM = G7DSPSWXXC;
				ENABLE_PREVIEWS = YES;
				INFOPLIST_FILE = "ConnectivityWithSwiftUI WatchKit Extension/Info.plist";
				LD_RUNPATH_SEARCH_PATHS = (
					"$(inherited)",
					"@executable_path/Frameworks",
					"@executable_path/../../Frameworks",
				);
				PRODUCT_BUNDLE_IDENTIFIER = com.MicheleManniello.ConnectivityWithSwiftUI.watchkitapp.watchkitextension;
				PRODUCT_NAME = "${TARGET_NAME}";
				SDKROOT = watchos;
				SKIP_INSTALL = YES;
				SWIFT_VERSION = 5.0;
				TARGETED_DEVICE_FAMILY = 4;
				WATCHOS_DEPLOYMENT_TARGET = 7.4;
			};
			name = Debug;
		};
		C4FAB1AF26B6F09F006B3878 /* Release */ = {
			isa = XCBuildConfiguration;
			buildSettings = {
				ASSETCATALOG_COMPILER_COMPLICATION_NAME = Complication;
				CODE_SIGN_STYLE = Automatic;
				DEVELOPMENT_ASSET_PATHS = "\"ConnectivityWithSwiftUI WatchKit Extension/Preview Content\"";
				DEVELOPMENT_TEAM = G7DSPSWXXC;
				ENABLE_PREVIEWS = YES;
				INFOPLIST_FILE = "ConnectivityWithSwiftUI WatchKit Extension/Info.plist";
				LD_RUNPATH_SEARCH_PATHS = (
					"$(inherited)",
					"@executable_path/Frameworks",
					"@executable_path/../../Frameworks",
				);
				PRODUCT_BUNDLE_IDENTIFIER = com.MicheleManniello.ConnectivityWithSwiftUI.watchkitapp.watchkitextension;
				PRODUCT_NAME = "${TARGET_NAME}";
				SDKROOT = watchos;
				SKIP_INSTALL = YES;
				SWIFT_VERSION = 5.0;
				TARGETED_DEVICE_FAMILY = 4;
				VALIDATE_PRODUCT = YES;
				WATCHOS_DEPLOYMENT_TARGET = 7.4;
			};
			name = Release;
		};
		C4FAB1B226B6F09F006B3878 /* Debug */ = {
			isa = XCBuildConfiguration;
			buildSettings = {
				ALWAYS_EMBED_SWIFT_STANDARD_LIBRARIES = YES;
				ASSETCATALOG_COMPILER_APPICON_NAME = AppIcon;
				ASSETCATALOG_COMPILER_GLOBAL_ACCENT_COLOR_NAME = AccentColor;
				CODE_SIGN_STYLE = Automatic;
				DEVELOPMENT_TEAM = G7DSPSWXXC;
				IBSC_MODULE = ConnectivityWithSwiftUI_WatchKit_Extension;
				INFOPLIST_FILE = "ConnectivityWithSwiftUI WatchKit App/Info.plist";
				PRODUCT_BUNDLE_IDENTIFIER = com.MicheleManniello.ConnectivityWithSwiftUI.watchkitapp;
				PRODUCT_NAME = "$(TARGET_NAME)";
				SDKROOT = watchos;
				SKIP_INSTALL = YES;
				SWIFT_VERSION = 5.0;
				TARGETED_DEVICE_FAMILY = 4;
				WATCHOS_DEPLOYMENT_TARGET = 7.4;
			};
			name = Debug;
		};
		C4FAB1B326B6F09F006B3878 /* Release */ = {
			isa = XCBuildConfiguration;
			buildSettings = {
				ALWAYS_EMBED_SWIFT_STANDARD_LIBRARIES = YES;
				ASSETCATALOG_COMPILER_APPICON_NAME = AppIcon;
				ASSETCATALOG_COMPILER_GLOBAL_ACCENT_COLOR_NAME = AccentColor;
				CODE_SIGN_STYLE = Automatic;
				DEVELOPMENT_TEAM = G7DSPSWXXC;
				IBSC_MODULE = ConnectivityWithSwiftUI_WatchKit_Extension;
				INFOPLIST_FILE = "ConnectivityWithSwiftUI WatchKit App/Info.plist";
				PRODUCT_BUNDLE_IDENTIFIER = com.MicheleManniello.ConnectivityWithSwiftUI.watchkitapp;
				PRODUCT_NAME = "$(TARGET_NAME)";
				SDKROOT = watchos;
				SKIP_INSTALL = YES;
				SWIFT_VERSION = 5.0;
				TARGETED_DEVICE_FAMILY = 4;
				VALIDATE_PRODUCT = YES;
				WATCHOS_DEPLOYMENT_TARGET = 7.4;
			};
			name = Release;
		};
		C4FAB1B626B6F09F006B3878 /* Debug */ = {
			isa = XCBuildConfiguration;
			buildSettings = {
				ASSETCATALOG_COMPILER_APPICON_NAME = AppIcon;
				ASSETCATALOG_COMPILER_GLOBAL_ACCENT_COLOR_NAME = AccentColor;
				CODE_SIGN_STYLE = Automatic;
				DEVELOPMENT_ASSET_PATHS = "\"ConnectivityWithSwiftUI/Preview Content\"";
				DEVELOPMENT_TEAM = G7DSPSWXXC;
				ENABLE_PREVIEWS = YES;
				INFOPLIST_FILE = ConnectivityWithSwiftUI/Info.plist;
				IPHONEOS_DEPLOYMENT_TARGET = 14.5;
				LD_RUNPATH_SEARCH_PATHS = (
					"$(inherited)",
					"@executable_path/Frameworks",
				);
				PRODUCT_BUNDLE_IDENTIFIER = com.MicheleManniello.ConnectivityWithSwiftUI;
				PRODUCT_NAME = "$(TARGET_NAME)";
				SDKROOT = iphoneos;
				SWIFT_VERSION = 5.0;
				TARGETED_DEVICE_FAMILY = "1,2";
			};
			name = Debug;
		};
		C4FAB1B726B6F09F006B3878 /* Release */ = {
			isa = XCBuildConfiguration;
			buildSettings = {
				ASSETCATALOG_COMPILER_APPICON_NAME = AppIcon;
				ASSETCATALOG_COMPILER_GLOBAL_ACCENT_COLOR_NAME = AccentColor;
				CODE_SIGN_STYLE = Automatic;
				DEVELOPMENT_ASSET_PATHS = "\"ConnectivityWithSwiftUI/Preview Content\"";
				DEVELOPMENT_TEAM = G7DSPSWXXC;
				ENABLE_PREVIEWS = YES;
				INFOPLIST_FILE = ConnectivityWithSwiftUI/Info.plist;
				IPHONEOS_DEPLOYMENT_TARGET = 14.5;
				LD_RUNPATH_SEARCH_PATHS = (
					"$(inherited)",
					"@executable_path/Frameworks",
				);
				PRODUCT_BUNDLE_IDENTIFIER = com.MicheleManniello.ConnectivityWithSwiftUI;
				PRODUCT_NAME = "$(TARGET_NAME)";
				SDKROOT = iphoneos;
				SWIFT_VERSION = 5.0;
				TARGETED_DEVICE_FAMILY = "1,2";
				VALIDATE_PRODUCT = YES;
			};
			name = Release;
		};
/* End XCBuildConfiguration section */

/* Begin XCConfigurationList section */
		C4FAB17526B6F09C006B3878 /* Build configuration list for PBXProject "ConnectivityWithSwiftUI" */ = {
			isa = XCConfigurationList;
			buildConfigurations = (
				C4FAB1AB26B6F09F006B3878 /* Debug */,
				C4FAB1AC26B6F09F006B3878 /* Release */,
			);
			defaultConfigurationIsVisible = 0;
			defaultConfigurationName = Release;
		};
		C4FAB1AD26B6F09F006B3878 /* Build configuration list for PBXNativeTarget "ConnectivityWithSwiftUI WatchKit Extension" */ = {
			isa = XCConfigurationList;
			buildConfigurations = (
				C4FAB1AE26B6F09F006B3878 /* Debug */,
				C4FAB1AF26B6F09F006B3878 /* Release */,
			);
			defaultConfigurationIsVisible = 0;
			defaultConfigurationName = Release;
		};
		C4FAB1B126B6F09F006B3878 /* Build configuration list for PBXNativeTarget "ConnectivityWithSwiftUI WatchKit App" */ = {
			isa = XCConfigurationList;
			buildConfigurations = (
				C4FAB1B226B6F09F006B3878 /* Debug */,
				C4FAB1B326B6F09F006B3878 /* Release */,
			);
			defaultConfigurationIsVisible = 0;
			defaultConfigurationName = Release;
		};
		C4FAB1B526B6F09F006B3878 /* Build configuration list for PBXNativeTarget "ConnectivityWithSwiftUI" */ = {
			isa = XCConfigurationList;
			buildConfigurations = (
				C4FAB1B626B6F09F006B3878 /* Debug */,
				C4FAB1B726B6F09F006B3878 /* Release */,
			);
			defaultConfigurationIsVisible = 0;
			defaultConfigurationName = Release;
		};
/* End XCConfigurationList section */
	};
	rootObject = C4FAB17226B6F09C006B3878 /* Project object */;
}
